
Microsoft Visual Studio Solution File, Format Version 12.00
# Visual Studio Version 16
VisualStudioVersion = 16.0.30002.166
MinimumVisualStudioVersion = 10.0.40219.1
Project("{FAE04EC0-301F-11D3-BF4B-00C04F79EFBC}") = "NewCSharpCodes", "NewCSharpCodes.csproj", "{DAA346D0-937E-4A18-B6DF-FA58B482EAE6}"
EndProject
Project("{FAE04EC0-301F-11D3-BF4B-00C04F79EFBC}") = "RandomNumbers", "RandomNumbers\RandomNumbers.csproj", "{C11F0E10-B836-4DDC-BE6B-3D8CCC2DA1A6}"
EndProject
Project("{FAE04EC0-301F-11D3-BF4B-00C04F79EFBC}") = "SplittingString", "..\SplittingString\SplittingString.csproj", "{415A5377-AE4D-43D9-B8C5-383BF843C8DE}"
EndProject
Global
	GlobalSection(SolutionConfigurationPlatforms) = preSolution
		Debug|Any CPU = Debug|Any CPU
		Release|Any CPU = Release|Any CPU
	EndGlobalSection
	GlobalSection(ProjectConfigurationPlatforms) = postSolution
		{DAA346D0-937E-4A18-B6DF-FA58B482EAE6}.Debug|Any CPU.ActiveCfg = Debug|Any CPU
		{DAA346D0-937E-4A18-B6DF-FA58B482EAE6}.Debug|Any CPU.Build.0 = Debug|Any CPU
		{DAA346D0-937E-4A18-B6DF-FA58B482EAE6}.Release|Any CPU.ActiveCfg = Release|Any CPU
		{DAA346D0-937E-4A18-B6DF-FA58B482EAE6}.Release|Any CPU.Build.0 = Release|Any CPU
		{C11F0E10-B836-4DDC-BE6B-3D8CCC2DA1A6}.Debug|Any CPU.ActiveCfg = Debug|Any CPU
		{C11F0E10-B836-4DDC-BE6B-3D8CCC2DA1A6}.Debug|Any CPU.Build.0 = Debug|Any CPU
		{C11F0E10-B836-4DDC-BE6B-3D8CCC2DA1A6}.Release|Any CPU.ActiveCfg = Release|Any CPU
		{C11F0E10-B836-4DDC-BE6B-3D8CCC2DA1A6}.Release|Any CPU.Build.0 = Release|Any CPU
		{415A5377-AE4D-43D9-B8C5-383BF843C8DE}.Debug|Any CPU.ActiveCfg = Debug|Any CPU
		{415A5377-AE4D-43D9-B8C5-383BF843C8DE}.Debug|Any CPU.Build.0 = Debug|Any CPU
		{415A5377-AE4D-43D9-B8C5-383BF843C8DE}.Release|Any CPU.ActiveCfg = Release|Any CPU
		{415A5377-AE4D-43D9-B8C5-383BF843C8DE}.Release|Any CPU.Build.0 = Release|Any CPU
	EndGlobalSection
	GlobalSection(SolutionProperties) = preSolution
		HideSolutionNode = FALSE
	EndGlobalSection
	GlobalSection(ExtensibilityGlobals) = postSolution
		SolutionGuid = {50B0BC24-CC8A-4CAB-BFA0-1C49160D3379}
	EndGlobalSection
EndGlobal
